{
  "name": "stone-demon",
  "version": "1.0.0",
  "lockfileVersion": 2,
  "requires": true,
  "packages": {
    "": {
      "version": "1.0.0",
      "license": "MIT",
      "devDependencies": {
        "@types/three": "^0.148.1"
      }
    },
    "node_modules/@types/three": {
      "version": "0.148.1",
      "resolved": "https://registry.npmjs.org/@types/three/-/three-0.148.1.tgz",
      "integrity": "sha512-gZwIyTBMxKXqJHXmZ0dzvDieuQ4hz8MPNHtkRrAwER/xPlAh9eP2WIfaolvQY+wJAzlNV5a9ceS4JT+i/jybsw==",
      "dev": true,
      "dependencies": {
        "@types/webxr": "*"
      }
    },
    "node_modules/@types/webxr": {
      "version": "0.5.1",
      "resolved": "https://registry.npmjs.org/@types/webxr/-/webxr-0.5.1.tgz",
      "integrity": "sha512-xlFXPfgJR5vIuDefhaHuUM9uUgvPaXB6GKdXy2gdEh8gBWQZ2ul24AJz3foUd8NNKlSTQuWYJpCb1/pL81m1KQ==",
      "dev": true
    }
  },
  "dependencies": {
    "@types/three": {
      "version": "0.148.1",
      "resolved": "https://registry.npmjs.org/@types/three/-/three-0.148.1.tgz",
      "integrity": "sha512-gZwIyTBMxKXqJHXmZ0dzvDieuQ4hz8MPNHtkRrAwER/xPlAh9eP2WIfaolvQY+wJAzlNV5a9ceS4JT+i/jybsw==",
      "dev": true,
      "requires": {
        "@types/webxr": "*"
      }
    },
    "@types/webxr": {
      "version": "0.5.1",
      "resolved": "https://registry.npmjs.org/@types/webxr/-/webxr-0.5.1.tgz",
      "integrity": "sha512-xlFXPfgJR5vIuDefhaHuUM9uUgvPaXB6GKdXy2gdEh8gBWQZ2ul24AJz3foUd8NNKlSTQuWYJpCb1/pL81m1KQ==",
      "dev": true
    }
  }
}
